
Microsoft Visual Studio Solution File, Format Version 12.00
# Visual Studio Version 17
VisualStudioVersion = 17.3.32825.248
MinimumVisualStudioVersion = 10.0.40219.1
Project("{FAE04EC0-301F-11D3-BF4B-00C04F79EFBC}") = "JefflixMVC", "JefflixMVC\JefflixMVC.csproj", "{B8E6AC6A-E5A9-430E-8580-B3B9DF8C9C4B}"
EndProject
Global
	GlobalSection(SolutionConfigurationPlatforms) = preSolution
		Debug|Any CPU = Debug|Any CPU
		Release|Any CPU = Release|Any CPU
	EndGlobalSection
	GlobalSection(ProjectConfigurationPlatforms) = postSolution
		{B8E6AC6A-E5A9-430E-8580-B3B9DF8C9C4B}.Debug|Any CPU.ActiveCfg = Debug|Any CPU
		{B8E6AC6A-E5A9-430E-8580-B3B9DF8C9C4B}.Debug|Any CPU.Build.0 = Debug|Any CPU
		{B8E6AC6A-E5A9-430E-8580-B3B9DF8C9C4B}.Release|Any CPU.ActiveCfg = Release|Any CPU
		{B8E6AC6A-E5A9-430E-8580-B3B9DF8C9C4B}.Release|Any CPU.Build.0 = Release|Any CPU
	EndGlobalSection
	GlobalSection(SolutionProperties) = preSolution
		HideSolutionNode = FALSE
	EndGlobalSection
	GlobalSection(ExtensibilityGlobals) = postSolution
		SolutionGuid = {D72923EA-4BA6-40D4-AEE5-DCB9A82C12F2}
	EndGlobalSection
EndGlobal
